// !$*UTF8*$!
{
	archiveVersion = 1;
	classes = {
	};
	objectVersion = 50;
	objects = {

/* Begin PBXBuildFile section */
		57C73B786FD38E19C40EB9D0 /* Pods_DailyMinutes.framework in Frameworks */ = {isa = PBXBuildFile; fileRef = 16E566FDEB4E7EF33F5FCA44 /* Pods_DailyMinutes.framework */; };
		940205A121E3AAE300D488F8 /* ScrollableViewControllerSuperClass.swift in Sources */ = {isa = PBXBuildFile; fileRef = 940205A021E3AAE300D488F8 /* ScrollableViewControllerSuperClass.swift */; };
		9418B8E321E4DCCA00D1B465 /* Task.swift in Sources */ = {isa = PBXBuildFile; fileRef = 9418B8E221E4DCCA00D1B465 /* Task.swift */; };
		9452A48321DFE19D00007CB4 /* EditCommentVC.swift in Sources */ = {isa = PBXBuildFile; fileRef = 9452A48221DFE19D00007CB4 /* EditCommentVC.swift */; };
		9461DA6721DD39B600D8D5FE /* Assets.xcassets in Resources */ = {isa = PBXBuildFile; fileRef = 9461DA6621DD39B600D8D5FE /* Assets.xcassets */; };
		9461DA6921DD3A1500D8D5FE /* KeyboardBoundView.swift in Sources */ = {isa = PBXBuildFile; fileRef = 9461DA6821DD3A1500D8D5FE /* KeyboardBoundView.swift */; };
		9461DA6D21DD4A9000D8D5FE /* SignInVC.swift in Sources */ = {isa = PBXBuildFile; fileRef = 9461DA6C21DD4A9000D8D5FE /* SignInVC.swift */; };
		9461DA6F21DD4BFA00D8D5FE /* CreateUserVC.swift in Sources */ = {isa = PBXBuildFile; fileRef = 9461DA6E21DD4BFA00D8D5FE /* CreateUserVC.swift */; };
		9464AEB721DA56C6003C6500 /* AppDelegate.swift in Sources */ = {isa = PBXBuildFile; fileRef = 9464AEB621DA56C6003C6500 /* AppDelegate.swift */; };
		9464AEB921DA56C6003C6500 /* MainVC.swift in Sources */ = {isa = PBXBuildFile; fileRef = 9464AEB821DA56C6003C6500 /* MainVC.swift */; };
		9464AEBC21DA56C6003C6500 /* Main.storyboard in Resources */ = {isa = PBXBuildFile; fileRef = 9464AEBA21DA56C6003C6500 /* Main.storyboard */; };
		9464AEC121DA56CD003C6500 /* LaunchScreen.storyboard in Resources */ = {isa = PBXBuildFile; fileRef = 9464AEBF21DA56CD003C6500 /* LaunchScreen.storyboard */; };
		9464AEC921DA5DAD003C6500 /* NewMinuteVC.swift in Sources */ = {isa = PBXBuildFile; fileRef = 9464AEC821DA5DAD003C6500 /* NewMinuteVC.swift */; };
		9464AECE21DA5F59003C6500 /* GoogleService-Info.plist in Resources */ = {isa = PBXBuildFile; fileRef = 9464AECD21DA5F59003C6500 /* GoogleService-Info.plist */; };
		9464AED121DA7510003C6500 /* Constants.swift in Sources */ = {isa = PBXBuildFile; fileRef = 9464AED021DA7510003C6500 /* Constants.swift */; };
		9464AED321DA87ED003C6500 /* MinuteCell.swift in Sources */ = {isa = PBXBuildFile; fileRef = 9464AED221DA87ED003C6500 /* MinuteCell.swift */; };
		9464AED521DA9196003C6500 /* Minute.swift in Sources */ = {isa = PBXBuildFile; fileRef = 9464AED421DA9196003C6500 /* Minute.swift */; };
		949D1E1721DE2A8400833E16 /* CommentsVC.swift in Sources */ = {isa = PBXBuildFile; fileRef = 949D1E1621DE2A8400833E16 /* CommentsVC.swift */; };
		949D1E1921DE33C800833E16 /* CommentCell.swift in Sources */ = {isa = PBXBuildFile; fileRef = 949D1E1821DE33C800833E16 /* CommentCell.swift */; };
		949D1E1B21DE373400833E16 /* Comment.swift in Sources */ = {isa = PBXBuildFile; fileRef = 949D1E1A21DE373400833E16 /* Comment.swift */; };
		94FD01AC21E3CEE30058D9B9 /* TasksVC.swift in Sources */ = {isa = PBXBuildFile; fileRef = 94FD01AB21E3CEE30058D9B9 /* TasksVC.swift */; };
/* End PBXBuildFile section */

/* Begin PBXFileReference section */
		16E566FDEB4E7EF33F5FCA44 /* Pods_DailyMinutes.framework */ = {isa = PBXFileReference; explicitFileType = wrapper.framework; includeInIndex = 0; path = Pods_DailyMinutes.framework; sourceTree = BUILT_PRODUCTS_DIR; };
		940205A021E3AAE300D488F8 /* ScrollableViewControllerSuperClass.swift */ = {isa = PBXFileReference; lastKnownFileType = sourcecode.swift; path = ScrollableViewControllerSuperClass.swift; sourceTree = "<group>"; };
		9418B8E221E4DCCA00D1B465 /* Task.swift */ = {isa = PBXFileReference; lastKnownFileType = sourcecode.swift; path = Task.swift; sourceTree = "<group>"; };
		9452A48221DFE19D00007CB4 /* EditCommentVC.swift */ = {isa = PBXFileReference; lastKnownFileType = sourcecode.swift; path = EditCommentVC.swift; sourceTree = "<group>"; };
		9461DA6621DD39B600D8D5FE /* Assets.xcassets */ = {isa = PBXFileReference; lastKnownFileType = folder.assetcatalog; path = Assets.xcassets; sourceTree = "<group>"; };
		9461DA6821DD3A1500D8D5FE /* KeyboardBoundView.swift */ = {isa = PBXFileReference; fileEncoding = 4; lastKnownFileType = sourcecode.swift; path = KeyboardBoundView.swift; sourceTree = "<group>"; };
		9461DA6C21DD4A9000D8D5FE /* SignInVC.swift */ = {isa = PBXFileReference; lastKnownFileType = sourcecode.swift; path = SignInVC.swift; sourceTree = "<group>"; };
		9461DA6E21DD4BFA00D8D5FE /* CreateUserVC.swift */ = {isa = PBXFileReference; lastKnownFileType = sourcecode.swift; path = CreateUserVC.swift; sourceTree = "<group>"; };
		9464AEB321DA56C6003C6500 /* DailyMinutes.app */ = {isa = PBXFileReference; explicitFileType = wrapper.application; includeInIndex = 0; path = DailyMinutes.app; sourceTree = BUILT_PRODUCTS_DIR; };
		9464AEB621DA56C6003C6500 /* AppDelegate.swift */ = {isa = PBXFileReference; lastKnownFileType = sourcecode.swift; path = AppDelegate.swift; sourceTree = "<group>"; };
		9464AEB821DA56C6003C6500 /* MainVC.swift */ = {isa = PBXFileReference; lastKnownFileType = sourcecode.swift; path = MainVC.swift; sourceTree = "<group>"; };
		9464AEBB21DA56C6003C6500 /* Base */ = {isa = PBXFileReference; lastKnownFileType = file.storyboard; name = Base; path = Base.lproj/Main.storyboard; sourceTree = "<group>"; };
		9464AEC021DA56CD003C6500 /* Base */ = {isa = PBXFileReference; lastKnownFileType = file.storyboard; name = Base; path = Base.lproj/LaunchScreen.storyboard; sourceTree = "<group>"; };
		9464AEC221DA56CD003C6500 /* Info.plist */ = {isa = PBXFileReference; lastKnownFileType = text.plist.xml; path = Info.plist; sourceTree = "<group>"; };
		9464AEC821DA5DAD003C6500 /* NewMinuteVC.swift */ = {isa = PBXFileReference; lastKnownFileType = sourcecode.swift; path = NewMinuteVC.swift; sourceTree = "<group>"; };
		9464AECD21DA5F59003C6500 /* GoogleService-Info.plist */ = {isa = PBXFileReference; fileEncoding = 4; lastKnownFileType = text.plist.xml; path = "GoogleService-Info.plist"; sourceTree = "<group>"; };
		9464AED021DA7510003C6500 /* Constants.swift */ = {isa = PBXFileReference; lastKnownFileType = sourcecode.swift; path = Constants.swift; sourceTree = "<group>"; };
		9464AED221DA87ED003C6500 /* MinuteCell.swift */ = {isa = PBXFileReference; lastKnownFileType = sourcecode.swift; path = MinuteCell.swift; sourceTree = "<group>"; };
		9464AED421DA9196003C6500 /* Minute.swift */ = {isa = PBXFileReference; lastKnownFileType = sourcecode.swift; path = Minute.swift; sourceTree = "<group>"; };
		949D1E1621DE2A8400833E16 /* CommentsVC.swift */ = {isa = PBXFileReference; lastKnownFileType = sourcecode.swift; path = CommentsVC.swift; sourceTree = "<group>"; };
		949D1E1821DE33C800833E16 /* CommentCell.swift */ = {isa = PBXFileReference; lastKnownFileType = sourcecode.swift; path = CommentCell.swift; sourceTree = "<group>"; };
		949D1E1A21DE373400833E16 /* Comment.swift */ = {isa = PBXFileReference; lastKnownFileType = sourcecode.swift; path = Comment.swift; sourceTree = "<group>"; };
		94FD01AB21E3CEE30058D9B9 /* TasksVC.swift */ = {isa = PBXFileReference; lastKnownFileType = sourcecode.swift; path = TasksVC.swift; sourceTree = "<group>"; };
		C49F7E1CCA00C08FBED90B55 /* Pods-DailyMinutes.debug.xcconfig */ = {isa = PBXFileReference; includeInIndex = 1; lastKnownFileType = text.xcconfig; name = "Pods-DailyMinutes.debug.xcconfig"; path = "Pods/Target Support Files/Pods-DailyMinutes/Pods-DailyMinutes.debug.xcconfig"; sourceTree = "<group>"; };
		FA0554A6E5424595EE027BEF /* Pods-DailyMinutes.release.xcconfig */ = {isa = PBXFileReference; includeInIndex = 1; lastKnownFileType = text.xcconfig; name = "Pods-DailyMinutes.release.xcconfig"; path = "Pods/Target Support Files/Pods-DailyMinutes/Pods-DailyMinutes.release.xcconfig"; sourceTree = "<group>"; };
/* End PBXFileReference section */

/* Begin PBXFrameworksBuildPhase section */
		9464AEB021DA56C6003C6500 /* Frameworks */ = {
			isa = PBXFrameworksBuildPhase;
			buildActionMask = 2147483647;
			files = (
				57C73B786FD38E19C40EB9D0 /* Pods_DailyMinutes.framework in Frameworks */,
			);
			runOnlyForDeploymentPostprocessing = 0;
		};
/* End PBXFrameworksBuildPhase section */

/* Begin PBXGroup section */
		201866A1578F12324DC69ADF /* Pods */ = {
			isa = PBXGroup;
			children = (
				C49F7E1CCA00C08FBED90B55 /* Pods-DailyMinutes.debug.xcconfig */,
				FA0554A6E5424595EE027BEF /* Pods-DailyMinutes.release.xcconfig */,
			);
			name = Pods;
			sourceTree = "<group>";
		};
		9464AEAA21DA56C6003C6500 = {
			isa = PBXGroup;
			children = (
				9464AEB521DA56C6003C6500 /* DailyMinutes */,
				9461DA6621DD39B600D8D5FE /* Assets.xcassets */,
				9464AEB421DA56C6003C6500 /* Products */,
				201866A1578F12324DC69ADF /* Pods */,
				FBB24104DC4C8927C4060419 /* Frameworks */,
			);
			sourceTree = "<group>";
		};
		9464AEB421DA56C6003C6500 /* Products */ = {
			isa = PBXGroup;
			children = (
				9464AEB321DA56C6003C6500 /* DailyMinutes.app */,
			);
			name = Products;
			sourceTree = "<group>";
		};
		9464AEB521DA56C6003C6500 /* DailyMinutes */ = {
			isa = PBXGroup;
			children = (
				9464AEB621DA56C6003C6500 /* AppDelegate.swift */,
				9464AECD21DA5F59003C6500 /* GoogleService-Info.plist */,
				9464AEC221DA56CD003C6500 /* Info.plist */,
				9464AECF21DA74FE003C6500 /* Utilities */,
				9464AECC21DA5E04003C6500 /* Model */,
				9464AECB21DA5DDF003C6500 /* View */,
				9464AECA21DA5DCC003C6500 /* Controller */,
				9464AEBA21DA56C6003C6500 /* Main.storyboard */,
				9464AEBF21DA56CD003C6500 /* LaunchScreen.storyboard */,
			);
			path = DailyMinutes;
			sourceTree = "<group>";
		};
		9464AECA21DA5DCC003C6500 /* Controller */ = {
			isa = PBXGroup;
			children = (
				9461DA6C21DD4A9000D8D5FE /* SignInVC.swift */,
				9461DA6E21DD4BFA00D8D5FE /* CreateUserVC.swift */,
				94FD01A921E3CE700058D9B9 /* Minutes */,
				94FD01AA21E3CE920058D9B9 /* Tasks */,
			);
			path = Controller;
			sourceTree = "<group>";
		};
		9464AECB21DA5DDF003C6500 /* View */ = {
			isa = PBXGroup;
			children = (
				9464AED221DA87ED003C6500 /* MinuteCell.swift */,
				949D1E1821DE33C800833E16 /* CommentCell.swift */,
			);
			path = View;
			sourceTree = "<group>";
		};
		9464AECC21DA5E04003C6500 /* Model */ = {
			isa = PBXGroup;
			children = (
				9464AED421DA9196003C6500 /* Minute.swift */,
				949D1E1A21DE373400833E16 /* Comment.swift */,
				9418B8E221E4DCCA00D1B465 /* Task.swift */,
			);
			path = Model;
			sourceTree = "<group>";
		};
		9464AECF21DA74FE003C6500 /* Utilities */ = {
			isa = PBXGroup;
			children = (
				9461DA6821DD3A1500D8D5FE /* KeyboardBoundView.swift */,
				9464AED021DA7510003C6500 /* Constants.swift */,
				940205A021E3AAE300D488F8 /* ScrollableViewControllerSuperClass.swift */,
			);
			path = Utilities;
			sourceTree = "<group>";
		};
		94FD01A921E3CE700058D9B9 /* Minutes */ = {
			isa = PBXGroup;
			children = (
				9464AEB821DA56C6003C6500 /* MainVC.swift */,
				9464AEC821DA5DAD003C6500 /* NewMinuteVC.swift */,
				949D1E1621DE2A8400833E16 /* CommentsVC.swift */,
				9452A48221DFE19D00007CB4 /* EditCommentVC.swift */,
			);
			path = Minutes;
			sourceTree = "<group>";
		};
		94FD01AA21E3CE920058D9B9 /* Tasks */ = {
			isa = PBXGroup;
			children = (
				94FD01AB21E3CEE30058D9B9 /* TasksVC.swift */,
			);
			path = Tasks;
			sourceTree = "<group>";
		};
		FBB24104DC4C8927C4060419 /* Frameworks */ = {
			isa = PBXGroup;
			children = (
				16E566FDEB4E7EF33F5FCA44 /* Pods_DailyMinutes.framework */,
			);
			name = Frameworks;
			sourceTree = "<group>";
		};
/* End PBXGroup section */

/* Begin PBXNativeTarget section */
		9464AEB221DA56C6003C6500 /* DailyMinutes */ = {
			isa = PBXNativeTarget;
			buildConfigurationList = 9464AEC521DA56CD003C6500 /* Build configuration list for PBXNativeTarget "DailyMinutes" */;
			buildPhases = (
				227A277E55F16189A321D12C /* [CP] Check Pods Manifest.lock */,
				9464AEAF21DA56C6003C6500 /* Sources */,
				9464AEB021DA56C6003C6500 /* Frameworks */,
				9464AEB121DA56C6003C6500 /* Resources */,
				F3ACA12C38934FD979D7F69B /* [CP] Embed Pods Frameworks */,
			);
			buildRules = (
			);
			dependencies = (
			);
			name = DailyMinutes;
			productName = DailyMinutes;
			productReference = 9464AEB321DA56C6003C6500 /* DailyMinutes.app */;
			productType = "com.apple.product-type.application";
		};
/* End PBXNativeTarget section */

/* Begin PBXProject section */
		9464AEAB21DA56C6003C6500 /* Project object */ = {
			isa = PBXProject;
			attributes = {
				LastSwiftUpdateCheck = 1010;
				LastUpgradeCheck = 1010;
				ORGANIZATIONNAME = GrayZoneSentinel;
				TargetAttributes = {
					9464AEB221DA56C6003C6500 = {
						CreatedOnToolsVersion = 10.1;
					};
				};
			};
			buildConfigurationList = 9464AEAE21DA56C6003C6500 /* Build configuration list for PBXProject "DailyMinutes" */;
			compatibilityVersion = "Xcode 9.3";
			developmentRegion = en;
			hasScannedForEncodings = 0;
			knownRegions = (
				en,
				Base,
			);
			mainGroup = 9464AEAA21DA56C6003C6500;
			productRefGroup = 9464AEB421DA56C6003C6500 /* Products */;
			projectDirPath = "";
			projectRoot = "";
			targets = (
				9464AEB221DA56C6003C6500 /* DailyMinutes */,
			);
		};
/* End PBXProject section */

/* Begin PBXResourcesBuildPhase section */
		9464AEB121DA56C6003C6500 /* Resources */ = {
			isa = PBXResourcesBuildPhase;
			buildActionMask = 2147483647;
			files = (
				9464AEC121DA56CD003C6500 /* LaunchScreen.storyboard in Resources */,
				9464AECE21DA5F59003C6500 /* GoogleService-Info.plist in Resources */,
				9461DA6721DD39B600D8D5FE /* Assets.xcassets in Resources */,
				9464AEBC21DA56C6003C6500 /* Main.storyboard in Resources */,
			);
			runOnlyForDeploymentPostprocessing = 0;
		};
/* End PBXResourcesBuildPhase section */

/* Begin PBXShellScriptBuildPhase section */
		227A277E55F16189A321D12C /* [CP] Check Pods Manifest.lock */ = {
			isa = PBXShellScriptBuildPhase;
			buildActionMask = 2147483647;
			files = (
			);
			inputPaths = (
				"${PODS_PODFILE_DIR_PATH}/Podfile.lock",
				"${PODS_ROOT}/Manifest.lock",
			);
			name = "[CP] Check Pods Manifest.lock";
			outputPaths = (
				"$(DERIVED_FILE_DIR)/Pods-DailyMinutes-checkManifestLockResult.txt",
			);
			runOnlyForDeploymentPostprocessing = 0;
			shellPath = /bin/sh;
			shellScript = "diff \"${PODS_PODFILE_DIR_PATH}/Podfile.lock\" \"${PODS_ROOT}/Manifest.lock\" > /dev/null\nif [ $? != 0 ] ; then\n    # print error to STDERR\n    echo \"error: The sandbox is not in sync with the Podfile.lock. Run 'pod install' or update your CocoaPods installation.\" >&2\n    exit 1\nfi\n# This output is used by Xcode 'outputs' to avoid re-running this script phase.\necho \"SUCCESS\" > \"${SCRIPT_OUTPUT_FILE_0}\"\n";
			showEnvVarsInLog = 0;
		};
		F3ACA12C38934FD979D7F69B /* [CP] Embed Pods Frameworks */ = {
			isa = PBXShellScriptBuildPhase;
			buildActionMask = 2147483647;
			files = (
			);
			inputPaths = (
				"${SRCROOT}/Pods/Target Support Files/Pods-DailyMinutes/Pods-DailyMinutes-frameworks.sh",
				"${BUILT_PRODUCTS_DIR}/BoringSSL/openssl.framework",
				"${BUILT_PRODUCTS_DIR}/GTMSessionFetcher/GTMSessionFetcher.framework",
				"${BUILT_PRODUCTS_DIR}/GoogleToolboxForMac/GoogleToolboxForMac.framework",
				"${BUILT_PRODUCTS_DIR}/Protobuf/Protobuf.framework",
				"${BUILT_PRODUCTS_DIR}/SVProgressHUD/SVProgressHUD.framework",
				"${BUILT_PRODUCTS_DIR}/gRPC/GRPCClient.framework",
				"${BUILT_PRODUCTS_DIR}/gRPC-Core/grpc.framework",
				"${BUILT_PRODUCTS_DIR}/gRPC-ProtoRPC/ProtoRPC.framework",
				"${BUILT_PRODUCTS_DIR}/gRPC-RxLibrary/RxLibrary.framework",
				"${BUILT_PRODUCTS_DIR}/leveldb-library/leveldb.framework",
				"${BUILT_PRODUCTS_DIR}/nanopb/nanopb.framework",
			);
			name = "[CP] Embed Pods Frameworks";
			outputPaths = (
				"${TARGET_BUILD_DIR}/${FRAMEWORKS_FOLDER_PATH}/openssl.framework",
				"${TARGET_BUILD_DIR}/${FRAMEWORKS_FOLDER_PATH}/GTMSessionFetcher.framework",
				"${TARGET_BUILD_DIR}/${FRAMEWORKS_FOLDER_PATH}/GoogleToolboxForMac.framework",
				"${TARGET_BUILD_DIR}/${FRAMEWORKS_FOLDER_PATH}/Protobuf.framework",
				"${TARGET_BUILD_DIR}/${FRAMEWORKS_FOLDER_PATH}/SVProgressHUD.framework",
				"${TARGET_BUILD_DIR}/${FRAMEWORKS_FOLDER_PATH}/GRPCClient.framework",
				"${TARGET_BUILD_DIR}/${FRAMEWORKS_FOLDER_PATH}/grpc.framework",
				"${TARGET_BUILD_DIR}/${FRAMEWORKS_FOLDER_PATH}/ProtoRPC.framework",
				"${TARGET_BUILD_DIR}/${FRAMEWORKS_FOLDER_PATH}/RxLibrary.framework",
				"${TARGET_BUILD_DIR}/${FRAMEWORKS_FOLDER_PATH}/leveldb.framework",
				"${TARGET_BUILD_DIR}/${FRAMEWORKS_FOLDER_PATH}/nanopb.framework",
			);
			runOnlyForDeploymentPostprocessing = 0;
			shellPath = /bin/sh;
			shellScript = "\"${SRCROOT}/Pods/Target Support Files/Pods-DailyMinutes/Pods-DailyMinutes-frameworks.sh\"\n";
			showEnvVarsInLog = 0;
		};
/* End PBXShellScriptBuildPhase section */

/* Begin PBXSourcesBuildPhase section */
		9464AEAF21DA56C6003C6500 /* Sources */ = {
			isa = PBXSourcesBuildPhase;
			buildActionMask = 2147483647;
			files = (
				9452A48321DFE19D00007CB4 /* EditCommentVC.swift in Sources */,
				9464AEB921DA56C6003C6500 /* MainVC.swift in Sources */,
				94FD01AC21E3CEE30058D9B9 /* TasksVC.swift in Sources */,
				9464AED521DA9196003C6500 /* Minute.swift in Sources */,
				9461DA6D21DD4A9000D8D5FE /* SignInVC.swift in Sources */,
				940205A121E3AAE300D488F8 /* ScrollableViewControllerSuperClass.swift in Sources */,
				949D1E1721DE2A8400833E16 /* CommentsVC.swift in Sources */,
				9464AEB721DA56C6003C6500 /* AppDelegate.swift in Sources */,
				9418B8E321E4DCCA00D1B465 /* Task.swift in Sources */,
				9461DA6921DD3A1500D8D5FE /* KeyboardBoundView.swift in Sources */,
				9464AED321DA87ED003C6500 /* MinuteCell.swift in Sources */,
				949D1E1B21DE373400833E16 /* Comment.swift in Sources */,
				9461DA6F21DD4BFA00D8D5FE /* CreateUserVC.swift in Sources */,
				9464AEC921DA5DAD003C6500 /* NewMinuteVC.swift in Sources */,
				9464AED121DA7510003C6500 /* Constants.swift in Sources */,
				949D1E1921DE33C800833E16 /* CommentCell.swift in Sources */,
			);
			runOnlyForDeploymentPostprocessing = 0;
		};
/* End PBXSourcesBuildPhase section */

/* Begin PBXVariantGroup section */
		9464AEBA21DA56C6003C6500 /* Main.storyboard */ = {
			isa = PBXVariantGroup;
			children = (
				9464AEBB21DA56C6003C6500 /* Base */,
			);
			name = Main.storyboard;
			sourceTree = "<group>";
		};
		9464AEBF21DA56CD003C6500 /* LaunchScreen.storyboard */ = {
			isa = PBXVariantGroup;
			children = (
				9464AEC021DA56CD003C6500 /* Base */,
			);
			name = LaunchScreen.storyboard;
			sourceTree = "<group>";
		};
/* End PBXVariantGroup section */

/* Begin XCBuildConfiguration section */
		9464AEC321DA56CD003C6500 /* Debug */ = {
			isa = XCBuildConfiguration;
			buildSettings = {
				ALWAYS_SEARCH_USER_PATHS = NO;
				CLANG_ANALYZER_NONNULL = YES;
				CLANG_ANALYZER_NUMBER_OBJECT_CONVERSION = YES_AGGRESSIVE;
				CLANG_CXX_LANGUAGE_STANDARD = "gnu++14";
				CLANG_CXX_LIBRARY = "libc++";
				CLANG_ENABLE_MODULES = YES;
				CLANG_ENABLE_OBJC_ARC = YES;
				CLANG_ENABLE_OBJC_WEAK = YES;
				CLANG_WARN_BLOCK_CAPTURE_AUTORELEASING = YES;
				CLANG_WARN_BOOL_CONVERSION = YES;
				CLANG_WARN_COMMA = YES;
				CLANG_WARN_CONSTANT_CONVERSION = YES;
				CLANG_WARN_DEPRECATED_OBJC_IMPLEMENTATIONS = YES;
				CLANG_WARN_DIRECT_OBJC_ISA_USAGE = YES_ERROR;
				CLANG_WARN_DOCUMENTATION_COMMENTS = YES;
				CLANG_WARN_EMPTY_BODY = YES;
				CLANG_WARN_ENUM_CONVERSION = YES;
				CLANG_WARN_INFINITE_RECURSION = YES;
				CLANG_WARN_INT_CONVERSION = YES;
				CLANG_WARN_NON_LITERAL_NULL_CONVERSION = YES;
				CLANG_WARN_OBJC_IMPLICIT_RETAIN_SELF = YES;
				CLANG_WARN_OBJC_LITERAL_CONVERSION = YES;
				CLANG_WARN_OBJC_ROOT_CLASS = YES_ERROR;
				CLANG_WARN_RANGE_LOOP_ANALYSIS = YES;
				CLANG_WARN_STRICT_PROTOTYPES = YES;
				CLANG_WARN_SUSPICIOUS_MOVE = YES;
				CLANG_WARN_UNGUARDED_AVAILABILITY = YES_AGGRESSIVE;
				CLANG_WARN_UNREACHABLE_CODE = YES;
				CLANG_WARN__DUPLICATE_METHOD_MATCH = YES;
				CODE_SIGN_IDENTITY = "iPhone Developer";
				COPY_PHASE_STRIP = NO;
				DEBUG_INFORMATION_FORMAT = dwarf;
				ENABLE_STRICT_OBJC_MSGSEND = YES;
				ENABLE_TESTABILITY = YES;
				GCC_C_LANGUAGE_STANDARD = gnu11;
				GCC_DYNAMIC_NO_PIC = NO;
				GCC_NO_COMMON_BLOCKS = YES;
				GCC_OPTIMIZATION_LEVEL = 0;
				GCC_PREPROCESSOR_DEFINITIONS = (
					"DEBUG=1",
					"$(inherited)",
				);
				GCC_WARN_64_TO_32_BIT_CONVERSION = YES;
				GCC_WARN_ABOUT_RETURN_TYPE = YES_ERROR;
				GCC_WARN_UNDECLARED_SELECTOR = YES;
				GCC_WARN_UNINITIALIZED_AUTOS = YES_AGGRESSIVE;
				GCC_WARN_UNUSED_FUNCTION = YES;
				GCC_WARN_UNUSED_VARIABLE = YES;
				IPHONEOS_DEPLOYMENT_TARGET = 12.1;
				MTL_ENABLE_DEBUG_INFO = INCLUDE_SOURCE;
				MTL_FAST_MATH = YES;
				ONLY_ACTIVE_ARCH = YES;
				SDKROOT = iphoneos;
				SWIFT_ACTIVE_COMPILATION_CONDITIONS = DEBUG;
				SWIFT_OPTIMIZATION_LEVEL = "-Onone";
			};
			name = Debug;
		};
		9464AEC421DA56CD003C6500 /* Release */ = {
			isa = XCBuildConfiguration;
			buildSettings = {
				ALWAYS_SEARCH_USER_PATHS = NO;
				CLANG_ANALYZER_NONNULL = YES;
				CLANG_ANALYZER_NUMBER_OBJECT_CONVERSION = YES_AGGRESSIVE;
				CLANG_CXX_LANGUAGE_STANDARD = "gnu++14";
				CLANG_CXX_LIBRARY = "libc++";
				CLANG_ENABLE_MODULES = YES;
				CLANG_ENABLE_OBJC_ARC = YES;
				CLANG_ENABLE_OBJC_WEAK = YES;
				CLANG_WARN_BLOCK_CAPTURE_AUTORELEASING = YES;
				CLANG_WARN_BOOL_CONVERSION = YES;
				CLANG_WARN_COMMA = YES;
				CLANG_WARN_CONSTANT_CONVERSION = YES;
				CLANG_WARN_DEPRECATED_OBJC_IMPLEMENTATIONS = YES;
				CLANG_WARN_DIRECT_OBJC_ISA_USAGE = YES_ERROR;
				CLANG_WARN_DOCUMENTATION_COMMENTS = YES;
				CLANG_WARN_EMPTY_BODY = YES;
				CLANG_WARN_ENUM_CONVERSION = YES;
				CLANG_WARN_INFINITE_RECURSION = YES;
				CLANG_WARN_INT_CONVERSION = YES;
				CLANG_WARN_NON_LITERAL_NULL_CONVERSION = YES;
				CLANG_WARN_OBJC_IMPLICIT_RETAIN_SELF = YES;
				CLANG_WARN_OBJC_LITERAL_CONVERSION = YES;
				CLANG_WARN_OBJC_ROOT_CLASS = YES_ERROR;
				CLANG_WARN_RANGE_LOOP_ANALYSIS = YES;
				CLANG_WARN_STRICT_PROTOTYPES = YES;
				CLANG_WARN_SUSPICIOUS_MOVE = YES;
				CLANG_WARN_UNGUARDED_AVAILABILITY = YES_AGGRESSIVE;
				CLANG_WARN_UNREACHABLE_CODE = YES;
				CLANG_WARN__DUPLICATE_METHOD_MATCH = YES;
				CODE_SIGN_IDENTITY = "iPhone Developer";
				COPY_PHASE_STRIP = NO;
				DEBUG_INFORMATION_FORMAT = "dwarf-with-dsym";
				ENABLE_NS_ASSERTIONS = NO;
				ENABLE_STRICT_OBJC_MSGSEND = YES;
				GCC_C_LANGUAGE_STANDARD = gnu11;
				GCC_NO_COMMON_BLOCKS = YES;
				GCC_WARN_64_TO_32_BIT_CONVERSION = YES;
				GCC_WARN_ABOUT_RETURN_TYPE = YES_ERROR;
				GCC_WARN_UNDECLARED_SELECTOR = YES;
				GCC_WARN_UNINITIALIZED_AUTOS = YES_AGGRESSIVE;
				GCC_WARN_UNUSED_FUNCTION = YES;
				GCC_WARN_UNUSED_VARIABLE = YES;
				IPHONEOS_DEPLOYMENT_TARGET = 12.1;
				MTL_ENABLE_DEBUG_INFO = NO;
				MTL_FAST_MATH = YES;
				SDKROOT = iphoneos;
				SWIFT_COMPILATION_MODE = wholemodule;
				SWIFT_OPTIMIZATION_LEVEL = "-O";
				VALIDATE_PRODUCT = YES;
			};
			name = Release;
		};
		9464AEC621DA56CD003C6500 /* Debug */ = {
			isa = XCBuildConfiguration;
			baseConfigurationReference = C49F7E1CCA00C08FBED90B55 /* Pods-DailyMinutes.debug.xcconfig */;
			buildSettings = {
				ASSETCATALOG_COMPILER_APPICON_NAME = AppIcon;
				CODE_SIGN_STYLE = Automatic;
				DEVELOPMENT_TEAM = VJ88G7GZ8L;
				INFOPLIST_FILE = DailyMinutes/Info.plist;
				LD_RUNPATH_SEARCH_PATHS = (
					"$(inherited)",
					"@executable_path/Frameworks",
				);
				PRODUCT_BUNDLE_IDENTIFIER = GrayZoneSentinel.DailyMinutes;
				PRODUCT_NAME = "$(TARGET_NAME)";
				SWIFT_VERSION = 4.2;
				TARGETED_DEVICE_FAMILY = "1,2";
			};
			name = Debug;
		};
		9464AEC721DA56CD003C6500 /* Release */ = {
			isa = XCBuildConfiguration;
			baseConfigurationReference = FA0554A6E5424595EE027BEF /* Pods-DailyMinutes.release.xcconfig */;
			buildSettings = {
				ASSETCATALOG_COMPILER_APPICON_NAME = AppIcon;
				CODE_SIGN_STYLE = Automatic;
				DEVELOPMENT_TEAM = VJ88G7GZ8L;
				INFOPLIST_FILE = DailyMinutes/Info.plist;
				LD_RUNPATH_SEARCH_PATHS = (
					"$(inherited)",
					"@executable_path/Frameworks",
				);
				PRODUCT_BUNDLE_IDENTIFIER = GrayZoneSentinel.DailyMinutes;
				PRODUCT_NAME = "$(TARGET_NAME)";
				SWIFT_VERSION = 4.2;
				TARGETED_DEVICE_FAMILY = "1,2";
			};
			name = Release;
		};
/* End XCBuildConfiguration section */

/* Begin XCConfigurationList section */
		9464AEAE21DA56C6003C6500 /* Build configuration list for PBXProject "DailyMinutes" */ = {
			isa = XCConfigurationList;
			buildConfigurations = (
				9464AEC321DA56CD003C6500 /* Debug */,
				9464AEC421DA56CD003C6500 /* Release */,
			);
			defaultConfigurationIsVisible = 0;
			defaultConfigurationName = Release;
		};
		9464AEC521DA56CD003C6500 /* Build configuration list for PBXNativeTarget "DailyMinutes" */ = {
			isa = XCConfigurationList;
			buildConfigurations = (
				9464AEC621DA56CD003C6500 /* Debug */,
				9464AEC721DA56CD003C6500 /* Release */,
			);
			defaultConfigurationIsVisible = 0;
			defaultConfigurationName = Release;
		};
/* End XCConfigurationList section */
	};
	rootObject = 9464AEAB21DA56C6003C6500 /* Project object */;
}
